
Microsoft Visual Studio Solution File, Format Version 12.00
# Visual Studio Version 17
VisualStudioVersion = 17.0.31903.59
MinimumVisualStudioVersion = 10.0.40219.1
Project("{2150E333-8FDC-42A3-9474-1A3956D46DE8}") = "src", "src", "{BEBC1F04-57C8-4E45-ACA9-CCCE2D980C2D}"
EndProject
Project("{2150E333-8FDC-42A3-9474-1A3956D46DE8}") = "tests", "tests", "{5A8B51B6-F136-4F3C-9002-21AABAC6AB39}"
EndProject
Project("{FAE04EC0-301F-11D3-BF4B-00C04F79EFBC}") = "Dal", "src\Dal\Dal.csproj", "{745B2669-99CB-4C0F-9878-951683A57DC8}"
EndProject
Project("{FAE04EC0-301F-11D3-BF4B-00C04F79EFBC}") = "Dal.UnitTests", "tests\Dal.UnitTests\Dal.UnitTests.csproj", "{8DF5502D-B03F-41B0-8CF4-C384543F5089}"
EndProject
Project("{FAE04EC0-301F-11D3-BF4B-00C04F79EFBC}") = "Dal.AcceptanceTests", "tests\Dal.AcceptanceTests\Dal.AcceptanceTests.csproj", "{8C7E7EB0-ED8F-4B9B-926A-D5C06BCF0FD9}"
EndProject
Project("{FAE04EC0-301F-11D3-BF4B-00C04F79EFBC}") = "FliveCLI", "src\FliveCLI\FliveCLI.csproj", "{5837E8ED-0EF6-4CD8-931A-04FCD2D97981}"
EndProject
Global
	GlobalSection(SolutionConfigurationPlatforms) = preSolution
		Debug|Any CPU = Debug|Any CPU
		Release|Any CPU = Release|Any CPU
	EndGlobalSection
	GlobalSection(SolutionProperties) = preSolution
		HideSolutionNode = FALSE
	EndGlobalSection
	GlobalSection(ProjectConfigurationPlatforms) = postSolution
		{745B2669-99CB-4C0F-9878-951683A57DC8}.Debug|Any CPU.ActiveCfg = Debug|Any CPU
		{745B2669-99CB-4C0F-9878-951683A57DC8}.Debug|Any CPU.Build.0 = Debug|Any CPU
		{745B2669-99CB-4C0F-9878-951683A57DC8}.Release|Any CPU.ActiveCfg = Release|Any CPU
		{745B2669-99CB-4C0F-9878-951683A57DC8}.Release|Any CPU.Build.0 = Release|Any CPU
		{8DF5502D-B03F-41B0-8CF4-C384543F5089}.Debug|Any CPU.ActiveCfg = Debug|Any CPU
		{8DF5502D-B03F-41B0-8CF4-C384543F5089}.Debug|Any CPU.Build.0 = Debug|Any CPU
		{8DF5502D-B03F-41B0-8CF4-C384543F5089}.Release|Any CPU.ActiveCfg = Release|Any CPU
		{8DF5502D-B03F-41B0-8CF4-C384543F5089}.Release|Any CPU.Build.0 = Release|Any CPU
		{8C7E7EB0-ED8F-4B9B-926A-D5C06BCF0FD9}.Debug|Any CPU.ActiveCfg = Debug|Any CPU
		{8C7E7EB0-ED8F-4B9B-926A-D5C06BCF0FD9}.Debug|Any CPU.Build.0 = Debug|Any CPU
		{8C7E7EB0-ED8F-4B9B-926A-D5C06BCF0FD9}.Release|Any CPU.ActiveCfg = Release|Any CPU
		{8C7E7EB0-ED8F-4B9B-926A-D5C06BCF0FD9}.Release|Any CPU.Build.0 = Release|Any CPU
		{5837E8ED-0EF6-4CD8-931A-04FCD2D97981}.Debug|Any CPU.ActiveCfg = Debug|Any CPU
		{5837E8ED-0EF6-4CD8-931A-04FCD2D97981}.Debug|Any CPU.Build.0 = Debug|Any CPU
		{5837E8ED-0EF6-4CD8-931A-04FCD2D97981}.Release|Any CPU.ActiveCfg = Release|Any CPU
		{5837E8ED-0EF6-4CD8-931A-04FCD2D97981}.Release|Any CPU.Build.0 = Release|Any CPU
	EndGlobalSection
	GlobalSection(NestedProjects) = preSolution
		{745B2669-99CB-4C0F-9878-951683A57DC8} = {BEBC1F04-57C8-4E45-ACA9-CCCE2D980C2D}
		{8DF5502D-B03F-41B0-8CF4-C384543F5089} = {5A8B51B6-F136-4F3C-9002-21AABAC6AB39}
		{8C7E7EB0-ED8F-4B9B-926A-D5C06BCF0FD9} = {5A8B51B6-F136-4F3C-9002-21AABAC6AB39}
		{5837E8ED-0EF6-4CD8-931A-04FCD2D97981} = {BEBC1F04-57C8-4E45-ACA9-CCCE2D980C2D}
	EndGlobalSection
EndGlobal
